// !$*UTF8*$!
{
	archiveVersion = 1;
	classes = {
	};
	objectVersion = 52;
	objects = {

/* Begin PBXBuildFile section */
		4C7F947723B67FE6008BCB0C /* AttachInfo.swift in Sources */ = {isa = PBXBuildFile; fileRef = 4C7F947623B67FE6008BCB0C /* AttachInfo.swift */; };
		4CC8B6281CA821D70015576D /* main.swift in Sources */ = {isa = PBXBuildFile; fileRef = 4CC8B6271CA821D70015576D /* main.swift */; };
/* End PBXBuildFile section */

/* Begin PBXFileReference section */
		4C7F947623B67FE6008BCB0C /* AttachInfo.swift */ = {isa = PBXFileReference; lastKnownFileType = sourcecode.swift; path = AttachInfo.swift; sourceTree = "<group>"; };
		4CC8B6241CA821D70015576D /* mount_diskimage */ = {isa = PBXFileReference; explicitFileType = "compiled.mach-o.executable"; includeInIndex = 0; path = mount_diskimage; sourceTree = BUILT_PRODUCTS_DIR; };
		4CC8B6271CA821D70015576D /* main.swift */ = {isa = PBXFileReference; lastKnownFileType = sourcecode.swift; path = main.swift; sourceTree = "<group>"; };
		4CC8B62D1CA828E00015576D /* README.md */ = {isa = PBXFileReference; fileEncoding = 4; lastKnownFileType = net.daringfireball.markdown; path = README.md; sourceTree = "<group>"; };
/* End PBXFileReference section */

/* Begin PBXGroup section */
		089C166AFE841209C02AAC07 /* MountDiskimage */ = {
			isa = PBXGroup;
			children = (
				4CC8B62D1CA828E00015576D /* README.md */,
				4CC8B6271CA821D70015576D /* main.swift */,
				4C7F947623B67FE6008BCB0C /* AttachInfo.swift */,
				4CC8B6241CA821D70015576D /* mount_diskimage */,
			);
			name = MountDiskimage;
			sourceTree = "<group>";
		};
/* End PBXGroup section */

/* Begin PBXNativeTarget section */
		4CC8B6231CA821D70015576D /* mount_diskimage */ = {
			isa = PBXNativeTarget;
			buildConfigurationList = 4CC8B6291CA821D70015576D /* Build configuration list for PBXNativeTarget "mount_diskimage" */;
			buildPhases = (
				4CC8B6201CA821D70015576D /* Sources */,
			);
			buildRules = (
			);
			dependencies = (
			);
			name = mount_diskimage;
			productName = mount_diskimage;
			productReference = 4CC8B6241CA821D70015576D /* mount_diskimage */;
			productType = "com.apple.product-type.tool";
		};
/* End PBXNativeTarget section */

/* Begin PBXProject section */
		089C1669FE841209C02AAC07 /* Project object */ = {
			isa = PBXProject;
			attributes = {
				BuildIndependentTargetsInParallel = YES;
				LastSwiftUpdateCheck = 0730;
				LastUpgradeCheck = 1130;
				TargetAttributes = {
					4CC8B6231CA821D70015576D = {
						CreatedOnToolsVersion = 7.3;
						LastSwiftMigration = 0830;
					};
				};
			};
			buildConfigurationList = 1DEB913E08733D840010E9CD /* Build configuration list for PBXProject "MountDiskimage" */;
			compatibilityVersion = "Xcode 11.0";
			developmentRegion = en;
			hasScannedForEncodings = 1;
			knownRegions = (
				en,
				Base,
			);
			mainGroup = 089C166AFE841209C02AAC07 /* MountDiskimage */;
			productRefGroup = 089C166AFE841209C02AAC07 /* MountDiskimage */;
			projectDirPath = "";
			projectRoot = "";
			targets = (
				4CC8B6231CA821D70015576D /* mount_diskimage */,
			);
		};
/* End PBXProject section */

/* Begin PBXSourcesBuildPhase section */
		4CC8B6201CA821D70015576D /* Sources */ = {
			isa = PBXSourcesBuildPhase;
			buildActionMask = 2147483647;
			files = (
				4CC8B6281CA821D70015576D /* main.swift in Sources */,
				4C7F947723B67FE6008BCB0C /* AttachInfo.swift in Sources */,
			);
			runOnlyForDeploymentPostprocessing = 0;
		};
/* End PBXSourcesBuildPhase section */

/* Begin XCBuildConfiguration section */
		1DEB913F08733D840010E9CD /* Debug */ = {
			isa = XCBuildConfiguration;
			buildSettings = {
				ALWAYS_SEARCH_USER_PATHS = NO;
				DSTROOT = /;
				ENABLE_HARDENED_RUNTIME = YES;
				SWIFT_OPTIMIZATION_LEVEL = "-Onone";
				SWIFT_VERSION = 5.0;
			};
			name = Debug;
		};
		1DEB914008733D840010E9CD /* Release */ = {
			isa = XCBuildConfiguration;
			buildSettings = {
				ALWAYS_SEARCH_USER_PATHS = NO;
				CODE_SIGN_IDENTITY = "Michael Roitzsch";
				DEPLOYMENT_LOCATION = YES;
				DEPLOYMENT_POSTPROCESSING = YES;
				DSTROOT = /;
				ENABLE_HARDENED_RUNTIME = YES;
				SWIFT_COMPILATION_MODE = wholemodule;
				SWIFT_VERSION = 5.0;
			};
			name = Release;
		};
		4CC8B62A1CA821D70015576D /* Debug */ = {
			isa = XCBuildConfiguration;
			buildSettings = {
				INSTALL_MODE_FLAG = "u+rwX,go-rwx";
				INSTALL_PATH = "$HOME/.unison/root-darwin";
				OTHER_SWIFT_FLAGS = "-DDEBUG";
				PRODUCT_BUNDLE_IDENTIFIER = "de.reactorcontrol.mount-diskimage";
				PRODUCT_NAME = "$(TARGET_NAME)";
			};
			name = Debug;
		};
		4CC8B62B1CA821D70015576D /* Release */ = {
			isa = XCBuildConfiguration;
			buildSettings = {
				INSTALL_MODE_FLAG = "u+rwX,go-rwx";
				INSTALL_PATH = "$HOME/.unison/root-darwin";
				PRODUCT_BUNDLE_IDENTIFIER = "de.reactorcontrol.mount-diskimage";
				PRODUCT_NAME = "$(TARGET_NAME)";
			};
			name = Release;
		};
/* End XCBuildConfiguration section */

/* Begin XCConfigurationList section */
		1DEB913E08733D840010E9CD /* Build configuration list for PBXProject "MountDiskimage" */ = {
			isa = XCConfigurationList;
			buildConfigurations = (
				1DEB913F08733D840010E9CD /* Debug */,
				1DEB914008733D840010E9CD /* Release */,
			);
			defaultConfigurationIsVisible = 0;
			defaultConfigurationName = Release;
		};
		4CC8B6291CA821D70015576D /* Build configuration list for PBXNativeTarget "mount_diskimage" */ = {
			isa = XCConfigurationList;
			buildConfigurations = (
				4CC8B62A1CA821D70015576D /* Debug */,
				4CC8B62B1CA821D70015576D /* Release */,
			);
			defaultConfigurationIsVisible = 0;
			defaultConfigurationName = Release;
		};
/* End XCConfigurationList section */
	};
	rootObject = 089C1669FE841209C02AAC07 /* Project object */;
}
