// !$*UTF8*$!
{
	archiveVersion = 1;
	classes = {
	};
	objectVersion = 47;
	objects = {

/* Begin PBXBuildFile section */
		8424500A0E7D26AB00A2BE64 /* mount_diskimage.m in Sources */ = {isa = PBXBuildFile; fileRef = 842450000E7D265B00A2BE64 /* mount_diskimage.m */; };
		8424500B0E7D26B700A2BE64 /* Foundation.framework in Frameworks */ = {isa = PBXBuildFile; fileRef = 84D681B10E66C9B800068117 /* Foundation.framework */; };
/* End PBXBuildFile section */

/* Begin PBXFileReference section */
		842450000E7D265B00A2BE64 /* mount_diskimage.m */ = {isa = PBXFileReference; fileEncoding = 4; lastKnownFileType = sourcecode.c.objc; path = mount_diskimage.m; sourceTree = "<group>"; };
		842450040E7D267800A2BE64 /* mount_diskimage */ = {isa = PBXFileReference; explicitFileType = "compiled.mach-o.executable"; includeInIndex = 0; path = mount_diskimage; sourceTree = BUILT_PRODUCTS_DIR; };
		84D681B10E66C9B800068117 /* Foundation.framework */ = {isa = PBXFileReference; lastKnownFileType = wrapper.framework; name = Foundation.framework; path = /System/Library/Frameworks/Foundation.framework; sourceTree = "<absolute>"; };
/* End PBXFileReference section */

/* Begin PBXFrameworksBuildPhase section */
		842450020E7D267800A2BE64 /* Frameworks */ = {
			isa = PBXFrameworksBuildPhase;
			buildActionMask = 2147483647;
			files = (
				8424500B0E7D26B700A2BE64 /* Foundation.framework in Frameworks */,
			);
			runOnlyForDeploymentPostprocessing = 0;
		};
/* End PBXFrameworksBuildPhase section */

/* Begin PBXGroup section */
		089C166AFE841209C02AAC07 /* MountDiskimage */ = {
			isa = PBXGroup;
			children = (
				842450000E7D265B00A2BE64 /* mount_diskimage.m */,
				84D681B10E66C9B800068117 /* Foundation.framework */,
				842450040E7D267800A2BE64 /* mount_diskimage */,
			);
			name = MountDiskimage;
			sourceTree = "<group>";
		};
/* End PBXGroup section */

/* Begin PBXNativeTarget section */
		842450030E7D267800A2BE64 /* mount_diskimage */ = {
			isa = PBXNativeTarget;
			buildConfigurationList = 842450180E7D26F900A2BE64 /* Build configuration list for PBXNativeTarget "mount_diskimage" */;
			buildPhases = (
				842450010E7D267800A2BE64 /* Sources */,
				842450020E7D267800A2BE64 /* Frameworks */,
			);
			buildRules = (
			);
			dependencies = (
			);
			name = mount_diskimage;
			productName = mount_diskimage;
			productReference = 842450040E7D267800A2BE64 /* mount_diskimage */;
			productType = "com.apple.product-type.tool";
		};
/* End PBXNativeTarget section */

/* Begin PBXProject section */
		089C1669FE841209C02AAC07 /* Project object */ = {
			isa = PBXProject;
			attributes = {
				BuildIndependentTargetsInParallel = YES;
				LastUpgradeCheck = 0700;
			};
			buildConfigurationList = 1DEB913E08733D840010E9CD /* Build configuration list for PBXProject "MountDiskimage" */;
			compatibilityVersion = "Xcode 6.3";
			developmentRegion = English;
			hasScannedForEncodings = 1;
			mainGroup = 089C166AFE841209C02AAC07 /* MountDiskimage */;
			projectDirPath = "";
			projectRoot = "";
			targets = (
				842450030E7D267800A2BE64 /* mount_diskimage */,
			);
		};
/* End PBXProject section */

/* Begin PBXSourcesBuildPhase section */
		842450010E7D267800A2BE64 /* Sources */ = {
			isa = PBXSourcesBuildPhase;
			buildActionMask = 2147483647;
			files = (
				8424500A0E7D26AB00A2BE64 /* mount_diskimage.m in Sources */,
			);
			runOnlyForDeploymentPostprocessing = 0;
		};
/* End PBXSourcesBuildPhase section */

/* Begin XCBuildConfiguration section */
		1DEB913F08733D840010E9CD /* Debug */ = {
			isa = XCBuildConfiguration;
			buildSettings = {
				ENABLE_TESTABILITY = YES;
				ONLY_ACTIVE_ARCH = YES;
				OTHER_CFLAGS = "-Weverything";
			};
			name = Debug;
		};
		1DEB914008733D840010E9CD /* Release */ = {
			isa = XCBuildConfiguration;
			buildSettings = {
				CODE_SIGN_IDENTITY = "Michael Roitzsch";
				DEPLOYMENT_LOCATION = YES;
				DEPLOYMENT_POSTPROCESSING = YES;
				DSTROOT = /;
				OTHER_CFLAGS = "-Weverything";
			};
			name = Release;
		};
		842450060E7D267900A2BE64 /* Debug */ = {
			isa = XCBuildConfiguration;
			buildSettings = {
				GCC_PREPROCESSOR_DEFINITIONS = DEBUG;
				INSTALL_PATH = "$HOME/.unison/root-darwin";
				PRODUCT_NAME = mount_diskimage;
			};
			name = Debug;
		};
		842450070E7D267900A2BE64 /* Release */ = {
			isa = XCBuildConfiguration;
			buildSettings = {
				GCC_PREPROCESSOR_DEFINITIONS = "";
				INSTALL_PATH = "$HOME/.unison/root-darwin";
				PRODUCT_NAME = mount_diskimage;
			};
			name = Release;
		};
/* End XCBuildConfiguration section */

/* Begin XCConfigurationList section */
		1DEB913E08733D840010E9CD /* Build configuration list for PBXProject "MountDiskimage" */ = {
			isa = XCConfigurationList;
			buildConfigurations = (
				1DEB913F08733D840010E9CD /* Debug */,
				1DEB914008733D840010E9CD /* Release */,
			);
			defaultConfigurationIsVisible = 0;
			defaultConfigurationName = Release;
		};
		842450180E7D26F900A2BE64 /* Build configuration list for PBXNativeTarget "mount_diskimage" */ = {
			isa = XCConfigurationList;
			buildConfigurations = (
				842450060E7D267900A2BE64 /* Debug */,
				842450070E7D267900A2BE64 /* Release */,
			);
			defaultConfigurationIsVisible = 0;
			defaultConfigurationName = Release;
		};
/* End XCConfigurationList section */
	};
	rootObject = 089C1669FE841209C02AAC07 /* Project object */;
}
